
Microsoft Visual Studio Solution File, Format Version 12.00
# Visual Studio Version 16
VisualStudioVersion = 16.0.31613.86
MinimumVisualStudioVersion = 10.0.40219.1
Project("{FAE04EC0-301F-11D3-BF4B-00C04F79EFBC}") = "WebApplication5", "WebApplication5\WebApplication5.csproj", "{F2033D15-DF48-41B6-BCF7-7D87CB6BEF50}"
EndProject
Global
	GlobalSection(SolutionConfigurationPlatforms) = preSolution
		Debug|Any CPU = Debug|Any CPU
		Release|Any CPU = Release|Any CPU
	EndGlobalSection
	GlobalSection(ProjectConfigurationPlatforms) = postSolution
		{F2033D15-DF48-41B6-BCF7-7D87CB6BEF50}.Debug|Any CPU.ActiveCfg = Debug|Any CPU
		{F2033D15-DF48-41B6-BCF7-7D87CB6BEF50}.Debug|Any CPU.Build.0 = Debug|Any CPU
		{F2033D15-DF48-41B6-BCF7-7D87CB6BEF50}.Release|Any CPU.ActiveCfg = Release|Any CPU
		{F2033D15-DF48-41B6-BCF7-7D87CB6BEF50}.Release|Any CPU.Build.0 = Release|Any CPU
	EndGlobalSection
	GlobalSection(SolutionProperties) = preSolution
		HideSolutionNode = FALSE
	EndGlobalSection
	GlobalSection(ExtensibilityGlobals) = postSolution
		SolutionGuid = {A1B0068C-E5A9-486F-9427-598A62A41812}
	EndGlobalSection
EndGlobal
